
Microsoft Visual Studio Solution File, Format Version 12.00
# Visual Studio 15
VisualStudioVersion = 15.0.27130.2024
MinimumVisualStudioVersion = 10.0.40219.1
Project("{FAE04EC0-301F-11D3-BF4B-00C04F79EFBC}") = "Project500", "Project500\Project500.csproj", "{7B85100B-86DC-465B-A7BC-34A9C18A4D94}"
	ProjectSection(ProjectDependencies) = postProject
		{D00ADD87-E96A-4A1D-84D8-F5D0A56A1720} = {D00ADD87-E96A-4A1D-84D8-F5D0A56A1720}
	EndProjectSection
EndProject
Project("{9A19103F-16F7-4668-BE54-9A1E7A4F7556}") = "Controllers", "Controllers\Controllers.csproj", "{D00ADD87-E96A-4A1D-84D8-F5D0A56A1720}"
EndProject
Project("{9A19103F-16F7-4668-BE54-9A1E7A4F7556}") = "Entities1", "Entities1\Entities1.csproj", "{6ABBB725-7B74-43F9-9BF9-7F7006F6116C}"
EndProject
Global
	GlobalSection(SolutionConfigurationPlatforms) = preSolution
		Debug|Any CPU = Debug|Any CPU
		Release|Any CPU = Release|Any CPU
	EndGlobalSection
	GlobalSection(ProjectConfigurationPlatforms) = postSolution
		{7B85100B-86DC-465B-A7BC-34A9C18A4D94}.Debug|Any CPU.ActiveCfg = Debug|Any CPU
		{7B85100B-86DC-465B-A7BC-34A9C18A4D94}.Debug|Any CPU.Build.0 = Debug|Any CPU
		{7B85100B-86DC-465B-A7BC-34A9C18A4D94}.Release|Any CPU.ActiveCfg = Release|Any CPU
		{7B85100B-86DC-465B-A7BC-34A9C18A4D94}.Release|Any CPU.Build.0 = Release|Any CPU
		{D00ADD87-E96A-4A1D-84D8-F5D0A56A1720}.Debug|Any CPU.ActiveCfg = Debug|Any CPU
		{D00ADD87-E96A-4A1D-84D8-F5D0A56A1720}.Debug|Any CPU.Build.0 = Debug|Any CPU
		{D00ADD87-E96A-4A1D-84D8-F5D0A56A1720}.Release|Any CPU.ActiveCfg = Release|Any CPU
		{D00ADD87-E96A-4A1D-84D8-F5D0A56A1720}.Release|Any CPU.Build.0 = Release|Any CPU
		{6ABBB725-7B74-43F9-9BF9-7F7006F6116C}.Debug|Any CPU.ActiveCfg = Debug|Any CPU
		{6ABBB725-7B74-43F9-9BF9-7F7006F6116C}.Debug|Any CPU.Build.0 = Debug|Any CPU
		{6ABBB725-7B74-43F9-9BF9-7F7006F6116C}.Release|Any CPU.ActiveCfg = Release|Any CPU
		{6ABBB725-7B74-43F9-9BF9-7F7006F6116C}.Release|Any CPU.Build.0 = Release|Any CPU
	EndGlobalSection
	GlobalSection(SolutionProperties) = preSolution
		HideSolutionNode = FALSE
	EndGlobalSection
	GlobalSection(ExtensibilityGlobals) = postSolution
		SolutionGuid = {DEF20272-4B2E-4524-8535-0D1D1659AD7D}
	EndGlobalSection
EndGlobal
