
Microsoft Visual Studio Solution File, Format Version 12.00
# Visual Studio 15
VisualStudioVersion = 15.0.27130.2024
MinimumVisualStudioVersion = 10.0.40219.1
Project("{FAE04EC0-301F-11D3-BF4B-00C04F79EFBC}") = "Project500", "Project500\Project500.csproj", "{7B85100B-86DC-465B-A7BC-34A9C18A4D94}"
EndProject
Project("{FAE04EC0-301F-11D3-BF4B-00C04F79EFBC}") = "BusinessEntities", "BusinessEntities\BusinessEntities.csproj", "{C9B5681B-85C9-4F3A-BEE4-289980F7AD5B}"
EndProject
Project("{9A19103F-16F7-4668-BE54-9A1E7A4F7556}") = "Controllers", "Controllers\Controllers.csproj", "{BAED8AF7-D9BD-469E-A292-B01D608C611A}"
EndProject
Project("{9A19103F-16F7-4668-BE54-9A1E7A4F7556}") = "Entities", "..\..\Middle-Ware\Middle-Ware\Entities\Entities.csproj", "{EDF7D4FE-E441-43CB-8715-091778F7A27B}"
EndProject
Global
	GlobalSection(SolutionConfigurationPlatforms) = preSolution
		Debug|Any CPU = Debug|Any CPU
		Release|Any CPU = Release|Any CPU
	EndGlobalSection
	GlobalSection(ProjectConfigurationPlatforms) = postSolution
		{7B85100B-86DC-465B-A7BC-34A9C18A4D94}.Debug|Any CPU.ActiveCfg = Debug|Any CPU
		{7B85100B-86DC-465B-A7BC-34A9C18A4D94}.Debug|Any CPU.Build.0 = Debug|Any CPU
		{7B85100B-86DC-465B-A7BC-34A9C18A4D94}.Release|Any CPU.ActiveCfg = Release|Any CPU
		{7B85100B-86DC-465B-A7BC-34A9C18A4D94}.Release|Any CPU.Build.0 = Release|Any CPU
		{C9B5681B-85C9-4F3A-BEE4-289980F7AD5B}.Debug|Any CPU.ActiveCfg = Debug|Any CPU
		{C9B5681B-85C9-4F3A-BEE4-289980F7AD5B}.Debug|Any CPU.Build.0 = Debug|Any CPU
		{C9B5681B-85C9-4F3A-BEE4-289980F7AD5B}.Release|Any CPU.ActiveCfg = Release|Any CPU
		{C9B5681B-85C9-4F3A-BEE4-289980F7AD5B}.Release|Any CPU.Build.0 = Release|Any CPU
		{BAED8AF7-D9BD-469E-A292-B01D608C611A}.Debug|Any CPU.ActiveCfg = Debug|Any CPU
		{BAED8AF7-D9BD-469E-A292-B01D608C611A}.Debug|Any CPU.Build.0 = Debug|Any CPU
		{BAED8AF7-D9BD-469E-A292-B01D608C611A}.Release|Any CPU.ActiveCfg = Release|Any CPU
		{BAED8AF7-D9BD-469E-A292-B01D608C611A}.Release|Any CPU.Build.0 = Release|Any CPU
		{EDF7D4FE-E441-43CB-8715-091778F7A27B}.Debug|Any CPU.ActiveCfg = Debug|Any CPU
		{EDF7D4FE-E441-43CB-8715-091778F7A27B}.Debug|Any CPU.Build.0 = Debug|Any CPU
		{EDF7D4FE-E441-43CB-8715-091778F7A27B}.Release|Any CPU.ActiveCfg = Release|Any CPU
		{EDF7D4FE-E441-43CB-8715-091778F7A27B}.Release|Any CPU.Build.0 = Release|Any CPU
	EndGlobalSection
	GlobalSection(SolutionProperties) = preSolution
		HideSolutionNode = FALSE
	EndGlobalSection
	GlobalSection(ExtensibilityGlobals) = postSolution
		SolutionGuid = {DEF20272-4B2E-4524-8535-0D1D1659AD7D}
	EndGlobalSection
EndGlobal
